
Microsoft Visual Studio Solution File, Format Version 12.00
# Visual Studio 15
VisualStudioVersion = 15.0.26730.16
MinimumVisualStudioVersion = 10.0.40219.1
Project("{FAE04EC0-301F-11D3-BF4B-00C04F79EFBC}") = "WebAppLab7", "WebAppLab7\WebAppLab7.csproj", "{D91F234F-BE0D-4B25-B129-24D57757E57C}"
EndProject
Global
	GlobalSection(SolutionConfigurationPlatforms) = preSolution
		Debug|Any CPU = Debug|Any CPU
		Release|Any CPU = Release|Any CPU
	EndGlobalSection
	GlobalSection(ProjectConfigurationPlatforms) = postSolution
		{D91F234F-BE0D-4B25-B129-24D57757E57C}.Debug|Any CPU.ActiveCfg = Debug|Any CPU
		{D91F234F-BE0D-4B25-B129-24D57757E57C}.Debug|Any CPU.Build.0 = Debug|Any CPU
		{D91F234F-BE0D-4B25-B129-24D57757E57C}.Release|Any CPU.ActiveCfg = Release|Any CPU
		{D91F234F-BE0D-4B25-B129-24D57757E57C}.Release|Any CPU.Build.0 = Release|Any CPU
	EndGlobalSection
	GlobalSection(SolutionProperties) = preSolution
		HideSolutionNode = FALSE
	EndGlobalSection
	GlobalSection(ExtensibilityGlobals) = postSolution
		SolutionGuid = {6B752EE9-1FD1-4FAF-BDE8-7DE444277F9E}
	EndGlobalSection
EndGlobal
